
Microsoft Visual Studio Solution File, Format Version 12.00
# Visual Studio Version 17
VisualStudioVersion = 17.0.32014.148
MinimumVisualStudioVersion = 10.0.40219.1
Project("{FAE04EC0-301F-11D3-BF4B-00C04F79EFBC}") = "OnlineShop", "OnlineShop\OnlineShop.csproj", "{7FC3005D-29DF-4835-8391-44DE182F899A}"
EndProject
Global
	GlobalSection(SolutionConfigurationPlatforms) = preSolution
		Debug|Any CPU = Debug|Any CPU
		Release|Any CPU = Release|Any CPU
	EndGlobalSection
	GlobalSection(ProjectConfigurationPlatforms) = postSolution
		{7FC3005D-29DF-4835-8391-44DE182F899A}.Debug|Any CPU.ActiveCfg = Debug|Any CPU
		{7FC3005D-29DF-4835-8391-44DE182F899A}.Debug|Any CPU.Build.0 = Debug|Any CPU
		{7FC3005D-29DF-4835-8391-44DE182F899A}.Release|Any CPU.ActiveCfg = Release|Any CPU
		{7FC3005D-29DF-4835-8391-44DE182F899A}.Release|Any CPU.Build.0 = Release|Any CPU
	EndGlobalSection
	GlobalSection(SolutionProperties) = preSolution
		HideSolutionNode = FALSE
	EndGlobalSection
	GlobalSection(ExtensibilityGlobals) = postSolution
		SolutionGuid = {3BE0A7E8-26CE-47B9-AAF6-D651B57D4C7B}
	EndGlobalSection
EndGlobal
